github.com/eclipse/paho.mqtt.golang v1.5.0 h1:EH+bUVJNgttidWFkLLVKaQPGmkTUfQQqjOsyvMGvD6o=
github.com/eclipse/paho.mqtt.golang v1.5.0/go.mod h1:du/2qNQVqJf/Sqs4MEL77kR8QTqANF7XU7Fk0aOTAgk=
github.com/go-pay/smap v0.0.2 h1:kKflYor5T5FgZltPFBMTFfjJvqYMHr5VnIFSEyhVTcA=
github.com/go-pay/smap v0.0.2/go.mod h1:HW9oAo0okuyDYsbpbj5fJFxnNj/BZorRGFw26SxrNWw=
github.com/go-pay/util v0.0.3 h1:0OjERb7MAVpM2gLPnBESLdMsosYyJ4i31V2/YZBiPjw=
github.com/go-pay/util v0.0.3/go.mod h1:qM8VbyF1n7YAPZBSJONSPMPsPedhUTktewUAdf1AjPg=
github.com/go-pay/xlog v0.0.3 h1:avyMhCL/JgBHreoGx/am/kHxfs1udDOAeVqbmzP/Yes=
github.com/go-pay/xlog v0.0.3/go.mod h1:mH47xbobrdsSHWsmFtSF5agWbMHFP+tK0ZbVCk5OAEw=
github.com/go-pay/xtime v0.0.2 h1:7YR4/iuELsEHpJ6LUO0SVK80hQxDO9MLCfuVYIiTCRM=
github.com/go-pay/xtime v0.0.2/go.mod h1:W1yRbJaSt4CSBcdAtLBQ8xajiN/Pl5hquGczUcUE9xE=
github.com/gorilla/websocket v1.5.3 h1:saDtZ6Pbx/0u+bgYQ3q96pZgCzfhKXGPqt7kZ72aNNg=
github.com/gorilla/websocket v1.5.3/go.mod h1:YR8l580nyteQvAITg2hZ9XVh4b55+EU/adAjf1fMHhE=
golang.org/x/net v0.27.0 h1:5K3Njcw06/l2y9vpGCSdcxWOYHOUk3dVNGDXN+FvAys=
golang.org/x/net v0.27.0/go.mod h1:dDi0PyhWNoiUOrAS8uXv/vnScO4wnHQO4mj9fn/RytE=
golang.org/x/sync v0.7.0 h1:YsImfSBoP9QPYL0xyKJPq0gcaJdG3rInoqxTWbfQu9M=
golang.org/x/sync v0.7.0/go.mod h1:Czt+wKu1gCyEFDUtn0jG5QVvpJ6rzVqr5aXyt9drQfk=
